// !$*UTF8*$!
{
	archiveVersion = 1;
	classes = {
	};
	objectVersion = 46;
	objects = {

/* Begin PBXBuildFile section */
		D39BB2971C76ADA5001BA8FC /* AppDelegate.swift in Sources */ = {isa = PBXBuildFile; fileRef = D39BB2961C76ADA5001BA8FC /* AppDelegate.swift */; };
		D39BB2991C76ADA5001BA8FC /* ViewController.swift in Sources */ = {isa = PBXBuildFile; fileRef = D39BB2981C76ADA5001BA8FC /* ViewController.swift */; };
		D39BB29C1C76ADA5001BA8FC /* Main.storyboard in Resources */ = {isa = PBXBuildFile; fileRef = D39BB29A1C76ADA5001BA8FC /* Main.storyboard */; };
		D39BB29E1C76ADA5001BA8FC /* Assets.xcassets in Resources */ = {isa = PBXBuildFile; fileRef = D39BB29D1C76ADA5001BA8FC /* Assets.xcassets */; };
		D39BB2A11C76ADA5001BA8FC /* LaunchScreen.storyboard in Resources */ = {isa = PBXBuildFile; fileRef = D39BB29F1C76ADA5001BA8FC /* LaunchScreen.storyboard */; };
		D39BB2A91C76B183001BA8FC /* TipCalculatorModel.swift in Sources */ = {isa = PBXBuildFile; fileRef = D39BB2A81C76B183001BA8FC /* TipCalculatorModel.swift */; };
/* End PBXBuildFile section */

/* Begin PBXFileReference section */
		D39BB2931C76ADA4001BA8FC /* TipCalculator.app */ = {isa = PBXFileReference; explicitFileType = wrapper.application; includeInIndex = 0; path = TipCalculator.app; sourceTree = BUILT_PRODUCTS_DIR; };
		D39BB2961C76ADA5001BA8FC /* AppDelegate.swift */ = {isa = PBXFileReference; lastKnownFileType = sourcecode.swift; path = AppDelegate.swift; sourceTree = "<group>"; };
		D39BB2981C76ADA5001BA8FC /* ViewController.swift */ = {isa = PBXFileReference; lastKnownFileType = sourcecode.swift; path = ViewController.swift; sourceTree = "<group>"; };
		D39BB29B1C76ADA5001BA8FC /* Base */ = {isa = PBXFileReference; lastKnownFileType = file.storyboard; name = Base; path = Base.lproj/Main.storyboard; sourceTree = "<group>"; };
		D39BB29D1C76ADA5001BA8FC /* Assets.xcassets */ = {isa = PBXFileReference; lastKnownFileType = folder.assetcatalog; path = Assets.xcassets; sourceTree = "<group>"; };
		D39BB2A01C76ADA5001BA8FC /* Base */ = {isa = PBXFileReference; lastKnownFileType = file.storyboard; name = Base; path = Base.lproj/LaunchScreen.storyboard; sourceTree = "<group>"; };
		D39BB2A21C76ADA5001BA8FC /* Info.plist */ = {isa = PBXFileReference; lastKnownFileType = text.plist.xml; path = Info.plist; sourceTree = "<group>"; };
		D39BB2A81C76B183001BA8FC /* TipCalculatorModel.swift */ = {isa = PBXFileReference; fileEncoding = 4; lastKnownFileType = sourcecode.swift; path = TipCalculatorModel.swift; sourceTree = "<group>"; };
/* End PBXFileReference section */

/* Begin PBXFrameworksBuildPhase section */
		D39BB2901C76ADA4001BA8FC /* Frameworks */ = {
			isa = PBXFrameworksBuildPhase;
			buildActionMask = 2147483647;
			files = (
			);
			runOnlyForDeploymentPostprocessing = 0;
		};
/* End PBXFrameworksBuildPhase section */

/* Begin PBXGroup section */
		D39BB28A1C76ADA4001BA8FC = {
			isa = PBXGroup;
			children = (
				D39BB2A81C76B183001BA8FC /* TipCalculatorModel.swift */,
				D39BB2951C76ADA4001BA8FC /* TipCalculator */,
				D39BB2941C76ADA4001BA8FC /* Products */,
			);
			sourceTree = "<group>";
		};
		D39BB2941C76ADA4001BA8FC /* Products */ = {
			isa = PBXGroup;
			children = (
				D39BB2931C76ADA4001BA8FC /* TipCalculator.app */,
			);
			name = Products;
			sourceTree = "<group>";
		};
		D39BB2951C76ADA4001BA8FC /* TipCalculator */ = {
			isa = PBXGroup;
			children = (
				D39BB2961C76ADA5001BA8FC /* AppDelegate.swift */,
				D39BB2981C76ADA5001BA8FC /* ViewController.swift */,
				D39BB29A1C76ADA5001BA8FC /* Main.storyboard */,
				D39BB29D1C76ADA5001BA8FC /* Assets.xcassets */,
				D39BB29F1C76ADA5001BA8FC /* LaunchScreen.storyboard */,
				D39BB2A21C76ADA5001BA8FC /* Info.plist */,
			);
			path = TipCalculator;
			sourceTree = "<group>";
		};
/* End PBXGroup section */

/* Begin PBXNativeTarget section */
		D39BB2921C76ADA4001BA8FC /* TipCalculator */ = {
			isa = PBXNativeTarget;
			buildConfigurationList = D39BB2A51C76ADA5001BA8FC /* Build configuration list for PBXNativeTarget "TipCalculator" */;
			buildPhases = (
				D39BB28F1C76ADA4001BA8FC /* Sources */,
				D39BB2901C76ADA4001BA8FC /* Frameworks */,
				D39BB2911C76ADA4001BA8FC /* Resources */,
			);
			buildRules = (
			);
			dependencies = (
			);
			name = TipCalculator;
			productName = TipCalculator;
			productReference = D39BB2931C76ADA4001BA8FC /* TipCalculator.app */;
			productType = "com.apple.product-type.application";
		};
/* End PBXNativeTarget section */

/* Begin PBXProject section */
		D39BB28B1C76ADA4001BA8FC /* Project object */ = {
			isa = PBXProject;
			attributes = {
				LastSwiftUpdateCheck = 0720;
				LastUpgradeCheck = 0720;
				ORGANIZATIONNAME = "Milkshake Systems";
				TargetAttributes = {
					D39BB2921C76ADA4001BA8FC = {
						CreatedOnToolsVersion = 7.2.1;
						DevelopmentTeam = 98626S38U9;
					};
				};
			};
			buildConfigurationList = D39BB28E1C76ADA4001BA8FC /* Build configuration list for PBXProject "TipCalculator" */;
			compatibilityVersion = "Xcode 3.2";
			developmentRegion = English;
			hasScannedForEncodings = 0;
			knownRegions = (
				en,
				Base,
			);
			mainGroup = D39BB28A1C76ADA4001BA8FC;
			productRefGroup = D39BB2941C76ADA4001BA8FC /* Products */;
			projectDirPath = "";
			projectRoot = "";
			targets = (
				D39BB2921C76ADA4001BA8FC /* TipCalculator */,
			);
		};
/* End PBXProject section */

/* Begin PBXResourcesBuildPhase section */
		D39BB2911C76ADA4001BA8FC /* Resources */ = {
			isa = PBXResourcesBuildPhase;
			buildActionMask = 2147483647;
			files = (
				D39BB2A11C76ADA5001BA8FC /* LaunchScreen.storyboard in Resources */,
				D39BB29E1C76ADA5001BA8FC /* Assets.xcassets in Resources */,
				D39BB29C1C76ADA5001BA8FC /* Main.storyboard in Resources */,
			);
			runOnlyForDeploymentPostprocessing = 0;
		};
/* End PBXResourcesBuildPhase section */

/* Begin PBXSourcesBuildPhase section */
		D39BB28F1C76ADA4001BA8FC /* Sources */ = {
			isa = PBXSourcesBuildPhase;
			buildActionMask = 2147483647;
			files = (
				D39BB2A91C76B183001BA8FC /* TipCalculatorModel.swift in Sources */,
				D39BB2991C76ADA5001BA8FC /* ViewController.swift in Sources */,
				D39BB2971C76ADA5001BA8FC /* AppDelegate.swift in Sources */,
			);
			runOnlyForDeploymentPostprocessing = 0;
		};
/* End PBXSourcesBuildPhase section */

/* Begin PBXVariantGroup section */
		D39BB29A1C76ADA5001BA8FC /* Main.storyboard */ = {
			isa = PBXVariantGroup;
			children = (
				D39BB29B1C76ADA5001BA8FC /* Base */,
			);
			name = Main.storyboard;
			sourceTree = "<group>";
		};
		D39BB29F1C76ADA5001BA8FC /* LaunchScreen.storyboard */ = {
			isa = PBXVariantGroup;
			children = (
				D39BB2A01C76ADA5001BA8FC /* Base */,
			);
			name = LaunchScreen.storyboard;
			sourceTree = "<group>";
		};
/* End PBXVariantGroup section */

/* Begin XCBuildConfiguration section */
		D39BB2A31C76ADA5001BA8FC /* Debug */ = {
			isa = XCBuildConfiguration;
			buildSettings = {
				ALWAYS_SEARCH_USER_PATHS = NO;
				CLANG_CXX_LANGUAGE_STANDARD = "gnu++0x";
				CLANG_CXX_LIBRARY = "libc++";
				CLANG_ENABLE_MODULES = YES;
				CLANG_ENABLE_OBJC_ARC = YES;
				CLANG_WARN_BOOL_CONVERSION = YES;
				CLANG_WARN_CONSTANT_CONVERSION = YES;
				CLANG_WARN_DIRECT_OBJC_ISA_USAGE = YES_ERROR;
				CLANG_WARN_EMPTY_BODY = YES;
				CLANG_WARN_ENUM_CONVERSION = YES;
				CLANG_WARN_INT_CONVERSION = YES;
				CLANG_WARN_OBJC_ROOT_CLASS = YES_ERROR;
				CLANG_WARN_UNREACHABLE_CODE = YES;
				CLANG_WARN__DUPLICATE_METHOD_MATCH = YES;
				"CODE_SIGN_IDENTITY[sdk=iphoneos*]" = "iPhone Developer";
				COPY_PHASE_STRIP = NO;
				DEBUG_INFORMATION_FORMAT = dwarf;
				ENABLE_STRICT_OBJC_MSGSEND = YES;
				ENABLE_TESTABILITY = YES;
				GCC_C_LANGUAGE_STANDARD = gnu99;
				GCC_DYNAMIC_NO_PIC = NO;
				GCC_NO_COMMON_BLOCKS = YES;
				GCC_OPTIMIZATION_LEVEL = 0;
				GCC_PREPROCESSOR_DEFINITIONS = (
					"DEBUG=1",
					"$(inherited)",
				);
				GCC_WARN_64_TO_32_BIT_CONVERSION = YES;
				GCC_WARN_ABOUT_RETURN_TYPE = YES_ERROR;
				GCC_WARN_UNDECLARED_SELECTOR = YES;
				GCC_WARN_UNINITIALIZED_AUTOS = YES_AGGRESSIVE;
				GCC_WARN_UNUSED_FUNCTION = YES;
				GCC_WARN_UNUSED_VARIABLE = YES;
				IPHONEOS_DEPLOYMENT_TARGET = 9.2;
				MTL_ENABLE_DEBUG_INFO = YES;
				ONLY_ACTIVE_ARCH = YES;
				SDKROOT = iphoneos;
				SWIFT_OPTIMIZATION_LEVEL = "-Onone";
				TARGETED_DEVICE_FAMILY = "1,2";
			};
			name = Debug;
		};
		D39BB2A41C76ADA5001BA8FC /* Release */ = {
			isa = XCBuildConfiguration;
			buildSettings = {
				ALWAYS_SEARCH_USER_PATHS = NO;
				CLANG_CXX_LANGUAGE_STANDARD = "gnu++0x";
				CLANG_CXX_LIBRARY = "libc++";
				CLANG_ENABLE_MODULES = YES;
				CLANG_ENABLE_OBJC_ARC = YES;
				CLANG_WARN_BOOL_CONVERSION = YES;
				CLANG_WARN_CONSTANT_CONVERSION = YES;
				CLANG_WARN_DIRECT_OBJC_ISA_USAGE = YES_ERROR;
				CLANG_WARN_EMPTY_BODY = YES;
				CLANG_WARN_ENUM_CONVERSION = YES;
				CLANG_WARN_INT_CONVERSION = YES;
				CLANG_WARN_OBJC_ROOT_CLASS = YES_ERROR;
				CLANG_WARN_UNREACHABLE_CODE = YES;
				CLANG_WARN__DUPLICATE_METHOD_MATCH = YES;
				"CODE_SIGN_IDENTITY[sdk=iphoneos*]" = "iPhone Developer";
				COPY_PHASE_STRIP = NO;
				DEBUG_INFORMATION_FORMAT = "dwarf-with-dsym";
				ENABLE_NS_ASSERTIONS = NO;
				ENABLE_STRICT_OBJC_MSGSEND = YES;
				GCC_C_LANGUAGE_STANDARD = gnu99;
				GCC_NO_COMMON_BLOCKS = YES;
				GCC_WARN_64_TO_32_BIT_CONVERSION = YES;
				GCC_WARN_ABOUT_RETURN_TYPE = YES_ERROR;
				GCC_WARN_UNDECLARED_SELECTOR = YES;
				GCC_WARN_UNINITIALIZED_AUTOS = YES_AGGRESSIVE;
				GCC_WARN_UNUSED_FUNCTION = YES;
				GCC_WARN_UNUSED_VARIABLE = YES;
				IPHONEOS_DEPLOYMENT_TARGET = 9.2;
				MTL_ENABLE_DEBUG_INFO = NO;
				SDKROOT = iphoneos;
				TARGETED_DEVICE_FAMILY = "1,2";
				VALIDATE_PRODUCT = YES;
			};
			name = Release;
		};
		D39BB2A61C76ADA5001BA8FC /* Debug */ = {
			isa = XCBuildConfiguration;
			buildSettings = {
				ASSETCATALOG_COMPILER_APPICON_NAME = AppIcon;
				INFOPLIST_FILE = TipCalculator/Info.plist;
				LD_RUNPATH_SEARCH_PATHS = "$(inherited) @executable_path/Frameworks";
				PRODUCT_BUNDLE_IDENTIFIER = com.milkshakesystems.TipCalculator;
				PRODUCT_NAME = "$(TARGET_NAME)";
			};
			name = Debug;
		};
		D39BB2A71C76ADA5001BA8FC /* Release */ = {
			isa = XCBuildConfiguration;
			buildSettings = {
				ASSETCATALOG_COMPILER_APPICON_NAME = AppIcon;
				INFOPLIST_FILE = TipCalculator/Info.plist;
				LD_RUNPATH_SEARCH_PATHS = "$(inherited) @executable_path/Frameworks";
				PRODUCT_BUNDLE_IDENTIFIER = com.milkshakesystems.TipCalculator;
				PRODUCT_NAME = "$(TARGET_NAME)";
			};
			name = Release;
		};
/* End XCBuildConfiguration section */

/* Begin XCConfigurationList section */
		D39BB28E1C76ADA4001BA8FC /* Build configuration list for PBXProject "TipCalculator" */ = {
			isa = XCConfigurationList;
			buildConfigurations = (
				D39BB2A31C76ADA5001BA8FC /* Debug */,
				D39BB2A41C76ADA5001BA8FC /* Release */,
			);
			defaultConfigurationIsVisible = 0;
			defaultConfigurationName = Release;
		};
		D39BB2A51C76ADA5001BA8FC /* Build configuration list for PBXNativeTarget "TipCalculator" */ = {
			isa = XCConfigurationList;
			buildConfigurations = (
				D39BB2A61C76ADA5001BA8FC /* Debug */,
				D39BB2A71C76ADA5001BA8FC /* Release */,
			);
			defaultConfigurationIsVisible = 0;
		};
/* End XCConfigurationList section */
	};
	rootObject = D39BB28B1C76ADA4001BA8FC /* Project object */;
}
